
<Scheme version="1.3" LastUpgradeVersion="1000">
    <BuildAction buildImplicitDependencies="YES" parallelizeBuildables="YES">
        <BuildActionEntries>
            <BuildActionEntry buildForArchiving="YES" buildForAnalyzing="YES" buildForRunning="YES" buildForTesting="YES" buildForProfiling="YES">
                <BuildableReference BuildableIdentifier="primary" ReferencedContainer="container:Mediapipe.xcodeproj" BlueprintIdentifier="884A6A367C5957F400000000" BuildableName="HandDetectionGpuApp.app" BlueprintName="HandDetectionGpuApp"></BuildableReference>
            </BuildActionEntry>
        </BuildActionEntries>
    </BuildAction>
    <TestAction shouldUseLaunchSchemeArgsEnv="YES" selectedDebuggerIdentifier="Xcode.DebuggerFoundation.Debugger.LLDB" buildConfiguration="__TulsiTestRunner_Debug" customLLDBInitFile="$(PROJECT_FILE_PATH)/.tulsi/Utils/lldbinit" selectedLauncherIdentifier="Xcode.DebuggerFoundation.Launcher.LLDB">
        <Testables></Testables>
        <BuildableProductRunnable runnableDebuggingMode="0">
            <BuildableReference BlueprintName="HandDetectionGpuApp" ReferencedContainer="container:Mediapipe.xcodeproj" BuildableName="HandDetectionGpuApp.app" BuildableIdentifier="primary" BlueprintIdentifier="884A6A367C5957F400000000"></BuildableReference>
        </BuildableProductRunnable>
    </TestAction>
    <LaunchAction debugServiceExtension="internal" useCustomWorkingDirectory="NO" selectedLauncherIdentifier="Xcode.DebuggerFoundation.Launcher.LLDB" customLLDBInitFile="$(PROJECT_FILE_PATH)/.tulsi/Utils/lldbinit" selectedDebuggerIdentifier="Xcode.DebuggerFoundation.Debugger.LLDB" buildConfiguration="Debug" ignoresPersistentStateOnLaunch="NO" allowLocationSimulation="YES" debugDocumentVersioning="YES" launchStyle="0">
        <EnvironmentVariables></EnvironmentVariables>
        <BuildableProductRunnable runnableDebuggingMode="0">
            <BuildableReference ReferencedContainer="container:Mediapipe.xcodeproj" BuildableIdentifier="primary" BlueprintIdentifier="884A6A367C5957F400000000" BuildableName="HandDetectionGpuApp.app" BlueprintName="HandDetectionGpuApp"></BuildableReference>
        </BuildableProductRunnable>
    </LaunchAction>
    <ProfileAction shouldUseLaunchSchemeArgsEnv="YES" buildConfiguration="__TulsiTestRunner_Release" useCustomWorkingDirectory="NO" debugDocumentVersioning="YES">
        <BuildableProductRunnable runnableDebuggingMode="0">
            <BuildableReference BuildableIdentifier="primary" BlueprintIdentifier="884A6A367C5957F400000000" ReferencedContainer="container:Mediapipe.xcodeproj" BuildableName="HandDetectionGpuApp.app" BlueprintName="HandDetectionGpuApp"></BuildableReference>
        </BuildableProductRunnable>
    </ProfileAction>
    <AnalyzeAction buildConfiguration="Debug"></AnalyzeAction>
    <ArchiveAction revealArchiveInOrganizer="YES" buildConfiguration="Release"></ArchiveAction>
</Scheme>